
Microsoft Visual Studio Solution File, Format Version 12.00
# Visual Studio 14
VisualStudioVersion = 14.0.25420.1
MinimumVisualStudioVersion = 10.0.40219.1
Project("{2150E333-8FDC-42A3-9474-1A3956D46DE8}") = "src", "src", "{5CFED00B-0252-4D9D-AEE0-E27D399BCC9F}"
EndProject
Project("{2150E333-8FDC-42A3-9474-1A3956D46DE8}") = "Solution Items", "Solution Items", "{12472981-5A2C-44A2-8A1C-167CF983D2F2}"
	ProjectSection(SolutionItems) = preProject
		global.json = global.json
		NuGet.config = NuGet.config
	EndProjectSection
EndProject
Project("{8BB2217D-0F2D-49D1-97BC-3654ED321F3B}") = "FourWeb.Api", "src\FourWeb.Api\FourWeb.Api.xproj", "{2CC27F4C-D65B-456A-9706-A0146E3D6EAE}"
EndProject
Project("{2150E333-8FDC-42A3-9474-1A3956D46DE8}") = "Infrastructure Layer", "Infrastructure Layer", "{BBE77653-F8BB-4C7B-836D-C6495A156326}"
EndProject
Project("{2150E333-8FDC-42A3-9474-1A3956D46DE8}") = "Components", "Components", "{53EBD491-B7C0-4A8C-AEE3-C0EA29C08323}"
EndProject
Project("{2150E333-8FDC-42A3-9474-1A3956D46DE8}") = "Presentation Layer", "Presentation Layer", "{19D2DE2C-3E0F-41EC-AC6E-42C9E0D19E8A}"
EndProject
Project("{8BB2217D-0F2D-49D1-97BC-3654ED321F3B}") = "FourWeb.Business.Manager", "src\FourWeb.Business.Manager\FourWeb.Business.Manager.xproj", "{5EF9E25B-E99F-45B7-9678-356B14B5B56C}"
EndProject
Project("{8BB2217D-0F2D-49D1-97BC-3654ED321F3B}") = "FourWeb.Business.Report", "src\FourWeb.Business.Report\FourWeb.Business.Report.xproj", "{C3FFE7AC-5BED-4819-95EB-88F38697D6E5}"
EndProject
Project("{8BB2217D-0F2D-49D1-97BC-3654ED321F3B}") = "FourWeb.Business.Shop", "src\FourWeb.Business.Shop\FourWeb.Business.Shop.xproj", "{0F2D9E08-3AD0-43CC-B9B4-C7C902973FC9}"
EndProject
Project("{8BB2217D-0F2D-49D1-97BC-3654ED321F3B}") = "FourWeb.Abstraction.Bootstrap", "src\FourWeb.Abstraction.Bootstrap\FourWeb.Abstraction.Bootstrap.xproj", "{9848061C-D0CB-4F3C-B149-D37839218418}"
EndProject
Project("{8BB2217D-0F2D-49D1-97BC-3654ED321F3B}") = "FourWeb.Abstraction.Data", "src\FourWeb.Abstraction.Data\FourWeb.Abstraction.Data.xproj", "{EF8D2870-0A5C-471C-A8D8-63D8A2092DC3}"
EndProject
Project("{8BB2217D-0F2D-49D1-97BC-3654ED321F3B}") = "FourWeb.Abstraction.Domain", "src\FourWeb.Abstraction.Domain\FourWeb.Abstraction.Domain.xproj", "{C2CD6D7C-0419-449D-896E-B3308C93ABE6}"
EndProject
Project("{8BB2217D-0F2D-49D1-97BC-3654ED321F3B}") = "FourWeb.FrontEnd", "src\FourWeb.FrontEnd\FourWeb.FrontEnd.xproj", "{9E79D21B-D32F-42A9-9B91-C9692B9A1F4F}"
EndProject
Project("{8BB2217D-0F2D-49D1-97BC-3654ED321F3B}") = "FourWeb.Business.Identity", "src\FourWeb.Business.Identity\FourWeb.Business.Identity.xproj", "{B227C3CB-3EA0-426D-847C-358688360E02}"
EndProject
Project("{8BB2217D-0F2D-49D1-97BC-3654ED321F3B}") = "FourWeb.Abstraction.Auth", "src\FourWeb.Abstraction.Auth\FourWeb.Abstraction.Auth.xproj", "{67D272B9-5616-46D5-B112-DB2D88B79788}"
EndProject
Project("{8BB2217D-0F2D-49D1-97BC-3654ED321F3B}") = "FourWeb.Infrastructure", "src\FourWeb.Infrastructure\FourWeb.Infrastructure.xproj", "{E277F6AE-736F-4137-B681-9A38901246DE}"
EndProject
Project("{8BB2217D-0F2D-49D1-97BC-3654ED321F3B}") = "FourWeb.ExternalServices", "src\FourWeb.ExternalServices\FourWeb.ExternalServices.xproj", "{CB1CF47F-2AD6-4EEB-B68B-1D4E2A36ABF3}"
EndProject
Project("{8BB2217D-0F2D-49D1-97BC-3654ED321F3B}") = "FourWeb.Migrations", "src\FourWeb.Migrations\FourWeb.Migrations.xproj", "{DE0A4273-61C9-4E9D-8265-0A86C377A760}"
EndProject
Project("{F088123C-0E9E-452A-89E6-6BA2F21D5CAC}") = "FourWeb.ModelingProject", "FourWeb.ModelingProject\FourWeb.ModelingProject.modelproj", "{2B61160D-3B9A-4DE7-A376-35C91B104FD6}"
EndProject
Global
	GlobalSection(SolutionConfigurationPlatforms) = preSolution
		Debug|Any CPU = Debug|Any CPU
		Release|Any CPU = Release|Any CPU
	EndGlobalSection
	GlobalSection(ProjectConfigurationPlatforms) = postSolution
		{2CC27F4C-D65B-456A-9706-A0146E3D6EAE}.Debug|Any CPU.ActiveCfg = Debug|Any CPU
		{2CC27F4C-D65B-456A-9706-A0146E3D6EAE}.Debug|Any CPU.Build.0 = Debug|Any CPU
		{2CC27F4C-D65B-456A-9706-A0146E3D6EAE}.Release|Any CPU.ActiveCfg = Release|Any CPU
		{2CC27F4C-D65B-456A-9706-A0146E3D6EAE}.Release|Any CPU.Build.0 = Release|Any CPU
		{5EF9E25B-E99F-45B7-9678-356B14B5B56C}.Debug|Any CPU.ActiveCfg = Debug|Any CPU
		{5EF9E25B-E99F-45B7-9678-356B14B5B56C}.Debug|Any CPU.Build.0 = Debug|Any CPU
		{5EF9E25B-E99F-45B7-9678-356B14B5B56C}.Release|Any CPU.ActiveCfg = Release|Any CPU
		{5EF9E25B-E99F-45B7-9678-356B14B5B56C}.Release|Any CPU.Build.0 = Release|Any CPU
		{C3FFE7AC-5BED-4819-95EB-88F38697D6E5}.Debug|Any CPU.ActiveCfg = Debug|Any CPU
		{C3FFE7AC-5BED-4819-95EB-88F38697D6E5}.Debug|Any CPU.Build.0 = Debug|Any CPU
		{C3FFE7AC-5BED-4819-95EB-88F38697D6E5}.Release|Any CPU.ActiveCfg = Release|Any CPU
		{C3FFE7AC-5BED-4819-95EB-88F38697D6E5}.Release|Any CPU.Build.0 = Release|Any CPU
		{0F2D9E08-3AD0-43CC-B9B4-C7C902973FC9}.Debug|Any CPU.ActiveCfg = Debug|Any CPU
		{0F2D9E08-3AD0-43CC-B9B4-C7C902973FC9}.Debug|Any CPU.Build.0 = Debug|Any CPU
		{0F2D9E08-3AD0-43CC-B9B4-C7C902973FC9}.Release|Any CPU.ActiveCfg = Release|Any CPU
		{0F2D9E08-3AD0-43CC-B9B4-C7C902973FC9}.Release|Any CPU.Build.0 = Release|Any CPU
		{9848061C-D0CB-4F3C-B149-D37839218418}.Debug|Any CPU.ActiveCfg = Debug|Any CPU
		{9848061C-D0CB-4F3C-B149-D37839218418}.Debug|Any CPU.Build.0 = Debug|Any CPU
		{9848061C-D0CB-4F3C-B149-D37839218418}.Release|Any CPU.ActiveCfg = Release|Any CPU
		{9848061C-D0CB-4F3C-B149-D37839218418}.Release|Any CPU.Build.0 = Release|Any CPU
		{EF8D2870-0A5C-471C-A8D8-63D8A2092DC3}.Debug|Any CPU.ActiveCfg = Debug|Any CPU
		{EF8D2870-0A5C-471C-A8D8-63D8A2092DC3}.Debug|Any CPU.Build.0 = Debug|Any CPU
		{EF8D2870-0A5C-471C-A8D8-63D8A2092DC3}.Release|Any CPU.ActiveCfg = Release|Any CPU
		{EF8D2870-0A5C-471C-A8D8-63D8A2092DC3}.Release|Any CPU.Build.0 = Release|Any CPU
		{C2CD6D7C-0419-449D-896E-B3308C93ABE6}.Debug|Any CPU.ActiveCfg = Debug|Any CPU
		{C2CD6D7C-0419-449D-896E-B3308C93ABE6}.Debug|Any CPU.Build.0 = Debug|Any CPU
		{C2CD6D7C-0419-449D-896E-B3308C93ABE6}.Release|Any CPU.ActiveCfg = Release|Any CPU
		{C2CD6D7C-0419-449D-896E-B3308C93ABE6}.Release|Any CPU.Build.0 = Release|Any CPU
		{9E79D21B-D32F-42A9-9B91-C9692B9A1F4F}.Debug|Any CPU.ActiveCfg = Debug|Any CPU
		{9E79D21B-D32F-42A9-9B91-C9692B9A1F4F}.Debug|Any CPU.Build.0 = Debug|Any CPU
		{9E79D21B-D32F-42A9-9B91-C9692B9A1F4F}.Release|Any CPU.ActiveCfg = Release|Any CPU
		{9E79D21B-D32F-42A9-9B91-C9692B9A1F4F}.Release|Any CPU.Build.0 = Release|Any CPU
		{B227C3CB-3EA0-426D-847C-358688360E02}.Debug|Any CPU.ActiveCfg = Debug|Any CPU
		{B227C3CB-3EA0-426D-847C-358688360E02}.Debug|Any CPU.Build.0 = Debug|Any CPU
		{B227C3CB-3EA0-426D-847C-358688360E02}.Release|Any CPU.ActiveCfg = Release|Any CPU
		{B227C3CB-3EA0-426D-847C-358688360E02}.Release|Any CPU.Build.0 = Release|Any CPU
		{67D272B9-5616-46D5-B112-DB2D88B79788}.Debug|Any CPU.ActiveCfg = Debug|Any CPU
		{67D272B9-5616-46D5-B112-DB2D88B79788}.Debug|Any CPU.Build.0 = Debug|Any CPU
		{67D272B9-5616-46D5-B112-DB2D88B79788}.Release|Any CPU.ActiveCfg = Release|Any CPU
		{67D272B9-5616-46D5-B112-DB2D88B79788}.Release|Any CPU.Build.0 = Release|Any CPU
		{E277F6AE-736F-4137-B681-9A38901246DE}.Debug|Any CPU.ActiveCfg = Debug|Any CPU
		{E277F6AE-736F-4137-B681-9A38901246DE}.Debug|Any CPU.Build.0 = Debug|Any CPU
		{E277F6AE-736F-4137-B681-9A38901246DE}.Release|Any CPU.ActiveCfg = Release|Any CPU
		{E277F6AE-736F-4137-B681-9A38901246DE}.Release|Any CPU.Build.0 = Release|Any CPU
		{CB1CF47F-2AD6-4EEB-B68B-1D4E2A36ABF3}.Debug|Any CPU.ActiveCfg = Debug|Any CPU
		{CB1CF47F-2AD6-4EEB-B68B-1D4E2A36ABF3}.Debug|Any CPU.Build.0 = Debug|Any CPU
		{CB1CF47F-2AD6-4EEB-B68B-1D4E2A36ABF3}.Release|Any CPU.ActiveCfg = Release|Any CPU
		{CB1CF47F-2AD6-4EEB-B68B-1D4E2A36ABF3}.Release|Any CPU.Build.0 = Release|Any CPU
		{DE0A4273-61C9-4E9D-8265-0A86C377A760}.Debug|Any CPU.ActiveCfg = Debug|Any CPU
		{DE0A4273-61C9-4E9D-8265-0A86C377A760}.Debug|Any CPU.Build.0 = Debug|Any CPU
		{DE0A4273-61C9-4E9D-8265-0A86C377A760}.Release|Any CPU.ActiveCfg = Release|Any CPU
		{DE0A4273-61C9-4E9D-8265-0A86C377A760}.Release|Any CPU.Build.0 = Release|Any CPU
		{2B61160D-3B9A-4DE7-A376-35C91B104FD6}.Debug|Any CPU.ActiveCfg = Debug|Any CPU
		{2B61160D-3B9A-4DE7-A376-35C91B104FD6}.Debug|Any CPU.Build.0 = Debug|Any CPU
		{2B61160D-3B9A-4DE7-A376-35C91B104FD6}.Release|Any CPU.ActiveCfg = Release|Any CPU
		{2B61160D-3B9A-4DE7-A376-35C91B104FD6}.Release|Any CPU.Build.0 = Release|Any CPU
	EndGlobalSection
	GlobalSection(SolutionProperties) = preSolution
		HideSolutionNode = FALSE
	EndGlobalSection
	GlobalSection(NestedProjects) = preSolution
		{2CC27F4C-D65B-456A-9706-A0146E3D6EAE} = {19D2DE2C-3E0F-41EC-AC6E-42C9E0D19E8A}
		{BBE77653-F8BB-4C7B-836D-C6495A156326} = {5CFED00B-0252-4D9D-AEE0-E27D399BCC9F}
		{53EBD491-B7C0-4A8C-AEE3-C0EA29C08323} = {5CFED00B-0252-4D9D-AEE0-E27D399BCC9F}
		{19D2DE2C-3E0F-41EC-AC6E-42C9E0D19E8A} = {5CFED00B-0252-4D9D-AEE0-E27D399BCC9F}
		{5EF9E25B-E99F-45B7-9678-356B14B5B56C} = {53EBD491-B7C0-4A8C-AEE3-C0EA29C08323}
		{C3FFE7AC-5BED-4819-95EB-88F38697D6E5} = {53EBD491-B7C0-4A8C-AEE3-C0EA29C08323}
		{0F2D9E08-3AD0-43CC-B9B4-C7C902973FC9} = {53EBD491-B7C0-4A8C-AEE3-C0EA29C08323}
		{9848061C-D0CB-4F3C-B149-D37839218418} = {BBE77653-F8BB-4C7B-836D-C6495A156326}
		{EF8D2870-0A5C-471C-A8D8-63D8A2092DC3} = {BBE77653-F8BB-4C7B-836D-C6495A156326}
		{C2CD6D7C-0419-449D-896E-B3308C93ABE6} = {BBE77653-F8BB-4C7B-836D-C6495A156326}
		{9E79D21B-D32F-42A9-9B91-C9692B9A1F4F} = {19D2DE2C-3E0F-41EC-AC6E-42C9E0D19E8A}
		{B227C3CB-3EA0-426D-847C-358688360E02} = {53EBD491-B7C0-4A8C-AEE3-C0EA29C08323}
		{67D272B9-5616-46D5-B112-DB2D88B79788} = {BBE77653-F8BB-4C7B-836D-C6495A156326}
		{E277F6AE-736F-4137-B681-9A38901246DE} = {BBE77653-F8BB-4C7B-836D-C6495A156326}
		{CB1CF47F-2AD6-4EEB-B68B-1D4E2A36ABF3} = {BBE77653-F8BB-4C7B-836D-C6495A156326}
		{DE0A4273-61C9-4E9D-8265-0A86C377A760} = {BBE77653-F8BB-4C7B-836D-C6495A156326}
	EndGlobalSection
EndGlobal
